// !$*UTF8*$!
{
	archiveVersion = 1;
	classes = {
	};
	objectVersion = 48;
	objects = {

/* Begin PBXBuildFile section */
		04195DAA1F97339900F37AF3 /* AppDelegate.m in Sources */ = {isa = PBXBuildFile; fileRef = 04195DA91F97339900F37AF3 /* AppDelegate.m */; };
		04195DAD1F97339900F37AF3 /* ViewController.m in Sources */ = {isa = PBXBuildFile; fileRef = 04195DAC1F97339900F37AF3 /* ViewController.m */; };
		04195DB01F97339900F37AF3 /* Main.storyboard in Resources */ = {isa = PBXBuildFile; fileRef = 04195DAE1F97339900F37AF3 /* Main.storyboard */; };
		04195DB21F97339900F37AF3 /* Assets.xcassets in Resources */ = {isa = PBXBuildFile; fileRef = 04195DB11F97339900F37AF3 /* Assets.xcassets */; };
		04195DB51F97339900F37AF3 /* LaunchScreen.storyboard in Resources */ = {isa = PBXBuildFile; fileRef = 04195DB31F97339900F37AF3 /* LaunchScreen.storyboard */; };
		04195DB81F97339900F37AF3 /* main.m in Sources */ = {isa = PBXBuildFile; fileRef = 04195DB71F97339900F37AF3 /* main.m */; };
		04195DC21F97339900F37AF3 /* LLPagerControllerTests.m in Sources */ = {isa = PBXBuildFile; fileRef = 04195DC11F97339900F37AF3 /* LLPagerControllerTests.m */; };
		04195DCD1F97339900F37AF3 /* LLPagerControllerUITests.m in Sources */ = {isa = PBXBuildFile; fileRef = 04195DCC1F97339900F37AF3 /* LLPagerControllerUITests.m */; };
		04195DDC1F97345200F37AF3 /* LLPagerController.m in Sources */ = {isa = PBXBuildFile; fileRef = 04195DDB1F97345200F37AF3 /* LLPagerController.m */; };
		04195DE11F9734BC00F37AF3 /* LLWaterFlowController.m in Sources */ = {isa = PBXBuildFile; fileRef = 04195DDF1F9734BC00F37AF3 /* LLWaterFlowController.m */; };
		04195DE21F9734BC00F37AF3 /* LLPagerSubController.m in Sources */ = {isa = PBXBuildFile; fileRef = 04195DE01F9734BC00F37AF3 /* LLPagerSubController.m */; };
/* End PBXBuildFile section */

/* Begin PBXContainerItemProxy section */
		04195DBE1F97339900F37AF3 /* PBXContainerItemProxy */ = {
			isa = PBXContainerItemProxy;
			containerPortal = 04195D9D1F97339900F37AF3 /* Project object */;
			proxyType = 1;
			remoteGlobalIDString = 04195DA41F97339900F37AF3;
			remoteInfo = YYPagerController;
		};
		04195DC91F97339900F37AF3 /* PBXContainerItemProxy */ = {
			isa = PBXContainerItemProxy;
			containerPortal = 04195D9D1F97339900F37AF3 /* Project object */;
			proxyType = 1;
			remoteGlobalIDString = 04195DA41F97339900F37AF3;
			remoteInfo = YYPagerController;
		};
/* End PBXContainerItemProxy section */

/* Begin PBXFileReference section */
		04195DA51F97339900F37AF3 /* LLPagerController.app */ = {isa = PBXFileReference; explicitFileType = wrapper.application; includeInIndex = 0; path = LLPagerController.app; sourceTree = BUILT_PRODUCTS_DIR; };
		04195DA81F97339900F37AF3 /* AppDelegate.h */ = {isa = PBXFileReference; lastKnownFileType = sourcecode.c.h; path = AppDelegate.h; sourceTree = "<group>"; };
		04195DA91F97339900F37AF3 /* AppDelegate.m */ = {isa = PBXFileReference; lastKnownFileType = sourcecode.c.objc; path = AppDelegate.m; sourceTree = "<group>"; };
		04195DAB1F97339900F37AF3 /* ViewController.h */ = {isa = PBXFileReference; lastKnownFileType = sourcecode.c.h; path = ViewController.h; sourceTree = "<group>"; };
		04195DAC1F97339900F37AF3 /* ViewController.m */ = {isa = PBXFileReference; lastKnownFileType = sourcecode.c.objc; path = ViewController.m; sourceTree = "<group>"; };
		04195DAF1F97339900F37AF3 /* Base */ = {isa = PBXFileReference; lastKnownFileType = file.storyboard; name = Base; path = Base.lproj/Main.storyboard; sourceTree = "<group>"; };
		04195DB11F97339900F37AF3 /* Assets.xcassets */ = {isa = PBXFileReference; lastKnownFileType = folder.assetcatalog; path = Assets.xcassets; sourceTree = "<group>"; };
		04195DB41F97339900F37AF3 /* Base */ = {isa = PBXFileReference; lastKnownFileType = file.storyboard; name = Base; path = Base.lproj/LaunchScreen.storyboard; sourceTree = "<group>"; };
		04195DB61F97339900F37AF3 /* Info.plist */ = {isa = PBXFileReference; lastKnownFileType = text.plist.xml; path = Info.plist; sourceTree = "<group>"; };
		04195DB71F97339900F37AF3 /* main.m */ = {isa = PBXFileReference; lastKnownFileType = sourcecode.c.objc; path = main.m; sourceTree = "<group>"; };
		04195DBD1F97339900F37AF3 /* LLPagerControllerTests.xctest */ = {isa = PBXFileReference; explicitFileType = wrapper.cfbundle; includeInIndex = 0; path = LLPagerControllerTests.xctest; sourceTree = BUILT_PRODUCTS_DIR; };
		04195DC11F97339900F37AF3 /* LLPagerControllerTests.m */ = {isa = PBXFileReference; lastKnownFileType = sourcecode.c.objc; path = LLPagerControllerTests.m; sourceTree = "<group>"; };
		04195DC31F97339900F37AF3 /* Info.plist */ = {isa = PBXFileReference; lastKnownFileType = text.plist.xml; path = Info.plist; sourceTree = "<group>"; };
		04195DC81F97339900F37AF3 /* LLPagerControllerUITests.xctest */ = {isa = PBXFileReference; explicitFileType = wrapper.cfbundle; includeInIndex = 0; path = LLPagerControllerUITests.xctest; sourceTree = BUILT_PRODUCTS_DIR; };
		04195DCC1F97339900F37AF3 /* LLPagerControllerUITests.m */ = {isa = PBXFileReference; lastKnownFileType = sourcecode.c.objc; path = LLPagerControllerUITests.m; sourceTree = "<group>"; };
		04195DCE1F97339900F37AF3 /* Info.plist */ = {isa = PBXFileReference; lastKnownFileType = text.plist.xml; path = Info.plist; sourceTree = "<group>"; };
		04195DDA1F97345200F37AF3 /* LLPagerController.h */ = {isa = PBXFileReference; lastKnownFileType = sourcecode.c.h; path = LLPagerController.h; sourceTree = "<group>"; };
		04195DDB1F97345200F37AF3 /* LLPagerController.m */ = {isa = PBXFileReference; lastKnownFileType = sourcecode.c.objc; path = LLPagerController.m; sourceTree = "<group>"; };
		04195DDD1F9734BC00F37AF3 /* LLPagerSubController.h */ = {isa = PBXFileReference; lastKnownFileType = sourcecode.c.h; path = LLPagerSubController.h; sourceTree = "<group>"; };
		04195DDE1F9734BC00F37AF3 /* LLWaterFlowController.h */ = {isa = PBXFileReference; lastKnownFileType = sourcecode.c.h; path = LLWaterFlowController.h; sourceTree = "<group>"; };
		04195DDF1F9734BC00F37AF3 /* LLWaterFlowController.m */ = {isa = PBXFileReference; lastKnownFileType = sourcecode.c.objc; path = LLWaterFlowController.m; sourceTree = "<group>"; };
		04195DE01F9734BC00F37AF3 /* LLPagerSubController.m */ = {isa = PBXFileReference; lastKnownFileType = sourcecode.c.objc; path = LLPagerSubController.m; sourceTree = "<group>"; };
/* End PBXFileReference section */

/* Begin PBXFrameworksBuildPhase section */
		04195DA21F97339900F37AF3 /* Frameworks */ = {
			isa = PBXFrameworksBuildPhase;
			buildActionMask = 2147483647;
			files = (
			);
			runOnlyForDeploymentPostprocessing = 0;
		};
		04195DBA1F97339900F37AF3 /* Frameworks */ = {
			isa = PBXFrameworksBuildPhase;
			buildActionMask = 2147483647;
			files = (
			);
			runOnlyForDeploymentPostprocessing = 0;
		};
		04195DC51F97339900F37AF3 /* Frameworks */ = {
			isa = PBXFrameworksBuildPhase;
			buildActionMask = 2147483647;
			files = (
			);
			runOnlyForDeploymentPostprocessing = 0;
		};
/* End PBXFrameworksBuildPhase section */

/* Begin PBXGroup section */
		04195D9C1F97339900F37AF3 = {
			isa = PBXGroup;
			children = (
				04195DA71F97339900F37AF3 /* LLPagerController */,
				04195DC01F97339900F37AF3 /* LLPagerControllerTests */,
				04195DCB1F97339900F37AF3 /* LLPagerControllerUITests */,
				04195DA61F97339900F37AF3 /* Products */,
			);
			sourceTree = "<group>";
		};
		04195DA61F97339900F37AF3 /* Products */ = {
			isa = PBXGroup;
			children = (
				04195DA51F97339900F37AF3 /* LLPagerController.app */,
				04195DBD1F97339900F37AF3 /* LLPagerControllerTests.xctest */,
				04195DC81F97339900F37AF3 /* LLPagerControllerUITests.xctest */,
			);
			name = Products;
			sourceTree = "<group>";
		};
		04195DA71F97339900F37AF3 /* LLPagerController */ = {
			isa = PBXGroup;
			children = (
				04195DDA1F97345200F37AF3 /* LLPagerController.h */,
				04195DDB1F97345200F37AF3 /* LLPagerController.m */,
				04195DDD1F9734BC00F37AF3 /* LLPagerSubController.h */,
				04195DE01F9734BC00F37AF3 /* LLPagerSubController.m */,
				04195DDE1F9734BC00F37AF3 /* LLWaterFlowController.h */,
				04195DDF1F9734BC00F37AF3 /* LLWaterFlowController.m */,
				04195DA81F97339900F37AF3 /* AppDelegate.h */,
				04195DA91F97339900F37AF3 /* AppDelegate.m */,
				04195DAB1F97339900F37AF3 /* ViewController.h */,
				04195DAC1F97339900F37AF3 /* ViewController.m */,
				04195DAE1F97339900F37AF3 /* Main.storyboard */,
				04195DB11F97339900F37AF3 /* Assets.xcassets */,
				04195DB31F97339900F37AF3 /* LaunchScreen.storyboard */,
				04195DB61F97339900F37AF3 /* Info.plist */,
				04195DB71F97339900F37AF3 /* main.m */,
			);
			path = LLPagerController;
			sourceTree = "<group>";
		};
		04195DC01F97339900F37AF3 /* LLPagerControllerTests */ = {
			isa = PBXGroup;
			children = (
				04195DC11F97339900F37AF3 /* LLPagerControllerTests.m */,
				04195DC31F97339900F37AF3 /* Info.plist */,
			);
			path = LLPagerControllerTests;
			sourceTree = "<group>";
		};
		04195DCB1F97339900F37AF3 /* LLPagerControllerUITests */ = {
			isa = PBXGroup;
			children = (
				04195DCC1F97339900F37AF3 /* LLPagerControllerUITests.m */,
				04195DCE1F97339900F37AF3 /* Info.plist */,
			);
			path = LLPagerControllerUITests;
			sourceTree = "<group>";
		};
/* End PBXGroup section */

/* Begin PBXNativeTarget section */
		04195DA41F97339900F37AF3 /* LLPagerController */ = {
			isa = PBXNativeTarget;
			buildConfigurationList = 04195DD11F97339900F37AF3 /* Build configuration list for PBXNativeTarget "LLPagerController" */;
			buildPhases = (
				04195DA11F97339900F37AF3 /* Sources */,
				04195DA21F97339900F37AF3 /* Frameworks */,
				04195DA31F97339900F37AF3 /* Resources */,
			);
			buildRules = (
			);
			dependencies = (
			);
			name = LLPagerController;
			productName = YYPagerController;
			productReference = 04195DA51F97339900F37AF3 /* LLPagerController.app */;
			productType = "com.apple.product-type.application";
		};
		04195DBC1F97339900F37AF3 /* LLPagerControllerTests */ = {
			isa = PBXNativeTarget;
			buildConfigurationList = 04195DD41F97339900F37AF3 /* Build configuration list for PBXNativeTarget "LLPagerControllerTests" */;
			buildPhases = (
				04195DB91F97339900F37AF3 /* Sources */,
				04195DBA1F97339900F37AF3 /* Frameworks */,
				04195DBB1F97339900F37AF3 /* Resources */,
			);
			buildRules = (
			);
			dependencies = (
				04195DBF1F97339900F37AF3 /* PBXTargetDependency */,
			);
			name = LLPagerControllerTests;
			productName = YYPagerControllerTests;
			productReference = 04195DBD1F97339900F37AF3 /* LLPagerControllerTests.xctest */;
			productType = "com.apple.product-type.bundle.unit-test";
		};
		04195DC71F97339900F37AF3 /* LLPagerControllerUITests */ = {
			isa = PBXNativeTarget;
			buildConfigurationList = 04195DD71F97339900F37AF3 /* Build configuration list for PBXNativeTarget "LLPagerControllerUITests" */;
			buildPhases = (
				04195DC41F97339900F37AF3 /* Sources */,
				04195DC51F97339900F37AF3 /* Frameworks */,
				04195DC61F97339900F37AF3 /* Resources */,
			);
			buildRules = (
			);
			dependencies = (
				04195DCA1F97339900F37AF3 /* PBXTargetDependency */,
			);
			name = LLPagerControllerUITests;
			productName = YYPagerControllerUITests;
			productReference = 04195DC81F97339900F37AF3 /* LLPagerControllerUITests.xctest */;
			productType = "com.apple.product-type.bundle.ui-testing";
		};
/* End PBXNativeTarget section */

/* Begin PBXProject section */
		04195D9D1F97339900F37AF3 /* Project object */ = {
			isa = PBXProject;
			attributes = {
				LastUpgradeCheck = 0900;
				ORGANIZATIONNAME = MAC;
				TargetAttributes = {
					04195DA41F97339900F37AF3 = {
						CreatedOnToolsVersion = 9.0;
						ProvisioningStyle = Automatic;
					};
					04195DBC1F97339900F37AF3 = {
						CreatedOnToolsVersion = 9.0;
						ProvisioningStyle = Automatic;
						TestTargetID = 04195DA41F97339900F37AF3;
					};
					04195DC71F97339900F37AF3 = {
						CreatedOnToolsVersion = 9.0;
						ProvisioningStyle = Automatic;
						TestTargetID = 04195DA41F97339900F37AF3;
					};
				};
			};
			buildConfigurationList = 04195DA01F97339900F37AF3 /* Build configuration list for PBXProject "LLPagerController" */;
			compatibilityVersion = "Xcode 8.0";
			developmentRegion = en;
			hasScannedForEncodings = 0;
			knownRegions = (
				en,
				Base,
			);
			mainGroup = 04195D9C1F97339900F37AF3;
			productRefGroup = 04195DA61F97339900F37AF3 /* Products */;
			projectDirPath = "";
			projectRoot = "";
			targets = (
				04195DA41F97339900F37AF3 /* LLPagerController */,
				04195DBC1F97339900F37AF3 /* LLPagerControllerTests */,
				04195DC71F97339900F37AF3 /* LLPagerControllerUITests */,
			);
		};
/* End PBXProject section */

/* Begin PBXResourcesBuildPhase section */
		04195DA31F97339900F37AF3 /* Resources */ = {
			isa = PBXResourcesBuildPhase;
			buildActionMask = 2147483647;
			files = (
				04195DB51F97339900F37AF3 /* LaunchScreen.storyboard in Resources */,
				04195DB21F97339900F37AF3 /* Assets.xcassets in Resources */,
				04195DB01F97339900F37AF3 /* Main.storyboard in Resources */,
			);
			runOnlyForDeploymentPostprocessing = 0;
		};
		04195DBB1F97339900F37AF3 /* Resources */ = {
			isa = PBXResourcesBuildPhase;
			buildActionMask = 2147483647;
			files = (
			);
			runOnlyForDeploymentPostprocessing = 0;
		};
		04195DC61F97339900F37AF3 /* Resources */ = {
			isa = PBXResourcesBuildPhase;
			buildActionMask = 2147483647;
			files = (
			);
			runOnlyForDeploymentPostprocessing = 0;
		};
/* End PBXResourcesBuildPhase section */

/* Begin PBXSourcesBuildPhase section */
		04195DA11F97339900F37AF3 /* Sources */ = {
			isa = PBXSourcesBuildPhase;
			buildActionMask = 2147483647;
			files = (
				04195DAD1F97339900F37AF3 /* ViewController.m in Sources */,
				04195DB81F97339900F37AF3 /* main.m in Sources */,
				04195DE21F9734BC00F37AF3 /* LLPagerSubController.m in Sources */,
				04195DAA1F97339900F37AF3 /* AppDelegate.m in Sources */,
				04195DE11F9734BC00F37AF3 /* LLWaterFlowController.m in Sources */,
				04195DDC1F97345200F37AF3 /* LLPagerController.m in Sources */,
			);
			runOnlyForDeploymentPostprocessing = 0;
		};
		04195DB91F97339900F37AF3 /* Sources */ = {
			isa = PBXSourcesBuildPhase;
			buildActionMask = 2147483647;
			files = (
				04195DC21F97339900F37AF3 /* LLPagerControllerTests.m in Sources */,
			);
			runOnlyForDeploymentPostprocessing = 0;
		};
		04195DC41F97339900F37AF3 /* Sources */ = {
			isa = PBXSourcesBuildPhase;
			buildActionMask = 2147483647;
			files = (
				04195DCD1F97339900F37AF3 /* LLPagerControllerUITests.m in Sources */,
			);
			runOnlyForDeploymentPostprocessing = 0;
		};
/* End PBXSourcesBuildPhase section */

/* Begin PBXTargetDependency section */
		04195DBF1F97339900F37AF3 /* PBXTargetDependency */ = {
			isa = PBXTargetDependency;
			target = 04195DA41F97339900F37AF3 /* LLPagerController */;
			targetProxy = 04195DBE1F97339900F37AF3 /* PBXContainerItemProxy */;
		};
		04195DCA1F97339900F37AF3 /* PBXTargetDependency */ = {
			isa = PBXTargetDependency;
			target = 04195DA41F97339900F37AF3 /* LLPagerController */;
			targetProxy = 04195DC91F97339900F37AF3 /* PBXContainerItemProxy */;
		};
/* End PBXTargetDependency section */

/* Begin PBXVariantGroup section */
		04195DAE1F97339900F37AF3 /* Main.storyboard */ = {
			isa = PBXVariantGroup;
			children = (
				04195DAF1F97339900F37AF3 /* Base */,
			);
			name = Main.storyboard;
			sourceTree = "<group>";
		};
		04195DB31F97339900F37AF3 /* LaunchScreen.storyboard */ = {
			isa = PBXVariantGroup;
			children = (
				04195DB41F97339900F37AF3 /* Base */,
			);
			name = LaunchScreen.storyboard;
			sourceTree = "<group>";
		};
/* End PBXVariantGroup section */

/* Begin XCBuildConfiguration section */
		04195DCF1F97339900F37AF3 /* Debug */ = {
			isa = XCBuildConfiguration;
			buildSettings = {
				ALWAYS_SEARCH_USER_PATHS = NO;
				CLANG_ANALYZER_NONNULL = YES;
				CLANG_ANALYZER_NUMBER_OBJECT_CONVERSION = YES_AGGRESSIVE;
				CLANG_CXX_LANGUAGE_STANDARD = "gnu++14";
				CLANG_CXX_LIBRARY = "libc++";
				CLANG_ENABLE_MODULES = YES;
				CLANG_ENABLE_OBJC_ARC = YES;
				CLANG_WARN_BLOCK_CAPTURE_AUTORELEASING = YES;
				CLANG_WARN_BOOL_CONVERSION = YES;
				CLANG_WARN_COMMA = YES;
				CLANG_WARN_CONSTANT_CONVERSION = YES;
				CLANG_WARN_DIRECT_OBJC_ISA_USAGE = YES_ERROR;
				CLANG_WARN_DOCUMENTATION_COMMENTS = YES;
				CLANG_WARN_EMPTY_BODY = YES;
				CLANG_WARN_ENUM_CONVERSION = YES;
				CLANG_WARN_INFINITE_RECURSION = YES;
				CLANG_WARN_INT_CONVERSION = YES;
				CLANG_WARN_NON_LITERAL_NULL_CONVERSION = YES;
				CLANG_WARN_OBJC_LITERAL_CONVERSION = YES;
				CLANG_WARN_OBJC_ROOT_CLASS = YES_ERROR;
				CLANG_WARN_RANGE_LOOP_ANALYSIS = YES;
				CLANG_WARN_STRICT_PROTOTYPES = YES;
				CLANG_WARN_SUSPICIOUS_MOVE = YES;
				CLANG_WARN_UNGUARDED_AVAILABILITY = YES_AGGRESSIVE;
				CLANG_WARN_UNREACHABLE_CODE = YES;
				CLANG_WARN__DUPLICATE_METHOD_MATCH = YES;
				CODE_SIGN_IDENTITY = "iPhone Developer";
				COPY_PHASE_STRIP = NO;
				DEBUG_INFORMATION_FORMAT = dwarf;
				ENABLE_STRICT_OBJC_MSGSEND = YES;
				ENABLE_TESTABILITY = YES;
				GCC_C_LANGUAGE_STANDARD = gnu11;
				GCC_DYNAMIC_NO_PIC = NO;
				GCC_NO_COMMON_BLOCKS = YES;
				GCC_OPTIMIZATION_LEVEL = 0;
				GCC_PREPROCESSOR_DEFINITIONS = (
					"DEBUG=1",
					"$(inherited)",
				);
				GCC_WARN_64_TO_32_BIT_CONVERSION = YES;
				GCC_WARN_ABOUT_RETURN_TYPE = YES_ERROR;
				GCC_WARN_UNDECLARED_SELECTOR = YES;
				GCC_WARN_UNINITIALIZED_AUTOS = YES_AGGRESSIVE;
				GCC_WARN_UNUSED_FUNCTION = YES;
				GCC_WARN_UNUSED_VARIABLE = YES;
				IPHONEOS_DEPLOYMENT_TARGET = 11.0;
				MTL_ENABLE_DEBUG_INFO = YES;
				ONLY_ACTIVE_ARCH = YES;
				SDKROOT = iphoneos;
			};
			name = Debug;
		};
		04195DD01F97339900F37AF3 /* Release */ = {
			isa = XCBuildConfiguration;
			buildSettings = {
				ALWAYS_SEARCH_USER_PATHS = NO;
				CLANG_ANALYZER_NONNULL = YES;
				CLANG_ANALYZER_NUMBER_OBJECT_CONVERSION = YES_AGGRESSIVE;
				CLANG_CXX_LANGUAGE_STANDARD = "gnu++14";
				CLANG_CXX_LIBRARY = "libc++";
				CLANG_ENABLE_MODULES = YES;
				CLANG_ENABLE_OBJC_ARC = YES;
				CLANG_WARN_BLOCK_CAPTURE_AUTORELEASING = YES;
				CLANG_WARN_BOOL_CONVERSION = YES;
				CLANG_WARN_COMMA = YES;
				CLANG_WARN_CONSTANT_CONVERSION = YES;
				CLANG_WARN_DIRECT_OBJC_ISA_USAGE = YES_ERROR;
				CLANG_WARN_DOCUMENTATION_COMMENTS = YES;
				CLANG_WARN_EMPTY_BODY = YES;
				CLANG_WARN_ENUM_CONVERSION = YES;
				CLANG_WARN_INFINITE_RECURSION = YES;
				CLANG_WARN_INT_CONVERSION = YES;
				CLANG_WARN_NON_LITERAL_NULL_CONVERSION = YES;
				CLANG_WARN_OBJC_LITERAL_CONVERSION = YES;
				CLANG_WARN_OBJC_ROOT_CLASS = YES_ERROR;
				CLANG_WARN_RANGE_LOOP_ANALYSIS = YES;
				CLANG_WARN_STRICT_PROTOTYPES = YES;
				CLANG_WARN_SUSPICIOUS_MOVE = YES;
				CLANG_WARN_UNGUARDED_AVAILABILITY = YES_AGGRESSIVE;
				CLANG_WARN_UNREACHABLE_CODE = YES;
				CLANG_WARN__DUPLICATE_METHOD_MATCH = YES;
				CODE_SIGN_IDENTITY = "iPhone Developer";
				COPY_PHASE_STRIP = NO;
				DEBUG_INFORMATION_FORMAT = "dwarf-with-dsym";
				ENABLE_NS_ASSERTIONS = NO;
				ENABLE_STRICT_OBJC_MSGSEND = YES;
				GCC_C_LANGUAGE_STANDARD = gnu11;
				GCC_NO_COMMON_BLOCKS = YES;
				GCC_WARN_64_TO_32_BIT_CONVERSION = YES;
				GCC_WARN_ABOUT_RETURN_TYPE = YES_ERROR;
				GCC_WARN_UNDECLARED_SELECTOR = YES;
				GCC_WARN_UNINITIALIZED_AUTOS = YES_AGGRESSIVE;
				GCC_WARN_UNUSED_FUNCTION = YES;
				GCC_WARN_UNUSED_VARIABLE = YES;
				IPHONEOS_DEPLOYMENT_TARGET = 11.0;
				MTL_ENABLE_DEBUG_INFO = NO;
				SDKROOT = iphoneos;
				VALIDATE_PRODUCT = YES;
			};
			name = Release;
		};
		04195DD21F97339900F37AF3 /* Debug */ = {
			isa = XCBuildConfiguration;
			buildSettings = {
				ASSETCATALOG_COMPILER_APPICON_NAME = AppIcon;
				CODE_SIGN_STYLE = Automatic;
				DEVELOPMENT_TEAM = 6ETLK4ZD4J;
				INFOPLIST_FILE = YYPagerController/Info.plist;
				IPHONEOS_DEPLOYMENT_TARGET = 8.0;
				LD_RUNPATH_SEARCH_PATHS = "$(inherited) @executable_path/Frameworks";
				PRODUCT_BUNDLE_IDENTIFIER = parents.LLPagerController;
				PRODUCT_NAME = LLPagerController;
				TARGETED_DEVICE_FAMILY = "1,2";
			};
			name = Debug;
		};
		04195DD31F97339900F37AF3 /* Release */ = {
			isa = XCBuildConfiguration;
			buildSettings = {
				ASSETCATALOG_COMPILER_APPICON_NAME = AppIcon;
				CODE_SIGN_STYLE = Automatic;
				DEVELOPMENT_TEAM = 6ETLK4ZD4J;
				INFOPLIST_FILE = YYPagerController/Info.plist;
				IPHONEOS_DEPLOYMENT_TARGET = 8.0;
				LD_RUNPATH_SEARCH_PATHS = "$(inherited) @executable_path/Frameworks";
				PRODUCT_BUNDLE_IDENTIFIER = parents.LLPagerController;
				PRODUCT_NAME = LLPagerController;
				TARGETED_DEVICE_FAMILY = "1,2";
			};
			name = Release;
		};
		04195DD51F97339900F37AF3 /* Debug */ = {
			isa = XCBuildConfiguration;
			buildSettings = {
				BUNDLE_LOADER = "$(TEST_HOST)";
				CODE_SIGN_STYLE = Automatic;
				DEVELOPMENT_TEAM = 6ETLK4ZD4J;
				INFOPLIST_FILE = YYPagerControllerTests/Info.plist;
				LD_RUNPATH_SEARCH_PATHS = "$(inherited) @executable_path/Frameworks @loader_path/Frameworks";
				PRODUCT_BUNDLE_IDENTIFIER = parents.YYPagerControllerTests;
				PRODUCT_NAME = "$(TARGET_NAME)";
				TARGETED_DEVICE_FAMILY = "1,2";
				TEST_HOST = "$(BUILT_PRODUCTS_DIR)/LLPagerController.app/LLPagerController";
			};
			name = Debug;
		};
		04195DD61F97339900F37AF3 /* Release */ = {
			isa = XCBuildConfiguration;
			buildSettings = {
				BUNDLE_LOADER = "$(TEST_HOST)";
				CODE_SIGN_STYLE = Automatic;
				DEVELOPMENT_TEAM = 6ETLK4ZD4J;
				INFOPLIST_FILE = YYPagerControllerTests/Info.plist;
				LD_RUNPATH_SEARCH_PATHS = "$(inherited) @executable_path/Frameworks @loader_path/Frameworks";
				PRODUCT_BUNDLE_IDENTIFIER = parents.YYPagerControllerTests;
				PRODUCT_NAME = "$(TARGET_NAME)";
				TARGETED_DEVICE_FAMILY = "1,2";
				TEST_HOST = "$(BUILT_PRODUCTS_DIR)/LLPagerController.app/LLPagerController";
			};
			name = Release;
		};
		04195DD81F97339900F37AF3 /* Debug */ = {
			isa = XCBuildConfiguration;
			buildSettings = {
				CODE_SIGN_STYLE = Automatic;
				DEVELOPMENT_TEAM = 6ETLK4ZD4J;
				INFOPLIST_FILE = YYPagerControllerUITests/Info.plist;
				LD_RUNPATH_SEARCH_PATHS = "$(inherited) @executable_path/Frameworks @loader_path/Frameworks";
				PRODUCT_BUNDLE_IDENTIFIER = parents.YYPagerControllerUITests;
				PRODUCT_NAME = "$(TARGET_NAME)";
				TARGETED_DEVICE_FAMILY = "1,2";
				TEST_TARGET_NAME = YYPagerController;
			};
			name = Debug;
		};
		04195DD91F97339900F37AF3 /* Release */ = {
			isa = XCBuildConfiguration;
			buildSettings = {
				CODE_SIGN_STYLE = Automatic;
				DEVELOPMENT_TEAM = 6ETLK4ZD4J;
				INFOPLIST_FILE = YYPagerControllerUITests/Info.plist;
				LD_RUNPATH_SEARCH_PATHS = "$(inherited) @executable_path/Frameworks @loader_path/Frameworks";
				PRODUCT_BUNDLE_IDENTIFIER = parents.YYPagerControllerUITests;
				PRODUCT_NAME = "$(TARGET_NAME)";
				TARGETED_DEVICE_FAMILY = "1,2";
				TEST_TARGET_NAME = YYPagerController;
			};
			name = Release;
		};
/* End XCBuildConfiguration section */

/* Begin XCConfigurationList section */
		04195DA01F97339900F37AF3 /* Build configuration list for PBXProject "LLPagerController" */ = {
			isa = XCConfigurationList;
			buildConfigurations = (
				04195DCF1F97339900F37AF3 /* Debug */,
				04195DD01F97339900F37AF3 /* Release */,
			);
			defaultConfigurationIsVisible = 0;
			defaultConfigurationName = Release;
		};
		04195DD11F97339900F37AF3 /* Build configuration list for PBXNativeTarget "LLPagerController" */ = {
			isa = XCConfigurationList;
			buildConfigurations = (
				04195DD21F97339900F37AF3 /* Debug */,
				04195DD31F97339900F37AF3 /* Release */,
			);
			defaultConfigurationIsVisible = 0;
			defaultConfigurationName = Release;
		};
		04195DD41F97339900F37AF3 /* Build configuration list for PBXNativeTarget "LLPagerControllerTests" */ = {
			isa = XCConfigurationList;
			buildConfigurations = (
				04195DD51F97339900F37AF3 /* Debug */,
				04195DD61F97339900F37AF3 /* Release */,
			);
			defaultConfigurationIsVisible = 0;
			defaultConfigurationName = Release;
		};
		04195DD71F97339900F37AF3 /* Build configuration list for PBXNativeTarget "LLPagerControllerUITests" */ = {
			isa = XCConfigurationList;
			buildConfigurations = (
				04195DD81F97339900F37AF3 /* Debug */,
				04195DD91F97339900F37AF3 /* Release */,
			);
			defaultConfigurationIsVisible = 0;
			defaultConfigurationName = Release;
		};
/* End XCConfigurationList section */
	};
	rootObject = 04195D9D1F97339900F37AF3 /* Project object */;
}
